
Microsoft Visual Studio Solution File, Format Version 12.00
# Visual Studio 15
VisualStudioVersion = 15.0.26730.16
MinimumVisualStudioVersion = 10.0.40219.1
Project("{FAE04EC0-301F-11D3-BF4B-00C04F79EFBC}") = "Burger_Dojo3", "Burger_Dojo3\Burger_Dojo3.csproj", "{F35D9C39-918F-4957-B8B9-3F6EA4E03156}"
EndProject
Global
	GlobalSection(SolutionConfigurationPlatforms) = preSolution
		Debug|Any CPU = Debug|Any CPU
		Release|Any CPU = Release|Any CPU
	EndGlobalSection
	GlobalSection(ProjectConfigurationPlatforms) = postSolution
		{F35D9C39-918F-4957-B8B9-3F6EA4E03156}.Debug|Any CPU.ActiveCfg = Debug|Any CPU
		{F35D9C39-918F-4957-B8B9-3F6EA4E03156}.Debug|Any CPU.Build.0 = Debug|Any CPU
		{F35D9C39-918F-4957-B8B9-3F6EA4E03156}.Release|Any CPU.ActiveCfg = Release|Any CPU
		{F35D9C39-918F-4957-B8B9-3F6EA4E03156}.Release|Any CPU.Build.0 = Release|Any CPU
	EndGlobalSection
	GlobalSection(SolutionProperties) = preSolution
		HideSolutionNode = FALSE
	EndGlobalSection
	GlobalSection(ExtensibilityGlobals) = postSolution
		SolutionGuid = {64B269A5-BBD1-4951-975E-F6B98E289BD4}
	EndGlobalSection
EndGlobal
